
Microsoft Visual Studio Solution File, Format Version 12.00
# Visual Studio Version 17
VisualStudioVersion = 17.9.34723.18
MinimumVisualStudioVersion = 10.0.40219.1
Project("{9A19103F-16F7-4668-BE54-9A1E7A4F7556}") = "Text reader", "Text reader\Text reader.csproj", "{8FAECB61-2415-425B-A30F-CB8CEFD94E32}"
EndProject
Global
	GlobalSection(SolutionConfigurationPlatforms) = preSolution
		Debug|Any CPU = Debug|Any CPU
		Release|Any CPU = Release|Any CPU
	EndGlobalSection
	GlobalSection(ProjectConfigurationPlatforms) = postSolution
		{8FAECB61-2415-425B-A30F-CB8CEFD94E32}.Debug|Any CPU.ActiveCfg = Debug|Any CPU
		{8FAECB61-2415-425B-A30F-CB8CEFD94E32}.Debug|Any CPU.Build.0 = Debug|Any CPU
		{8FAECB61-2415-425B-A30F-CB8CEFD94E32}.Release|Any CPU.ActiveCfg = Release|Any CPU
		{8FAECB61-2415-425B-A30F-CB8CEFD94E32}.Release|Any CPU.Build.0 = Release|Any CPU
	EndGlobalSection
	GlobalSection(SolutionProperties) = preSolution
		HideSolutionNode = FALSE
	EndGlobalSection
	GlobalSection(ExtensibilityGlobals) = postSolution
		SolutionGuid = {4A473129-D5F7-47F7-9DCA-42E709BC0E36}
	EndGlobalSection
EndGlobal
